
Microsoft Visual Studio Solution File, Format Version 12.00
# Visual Studio Version 17
VisualStudioVersion = 17.0.32112.339
MinimumVisualStudioVersion = 10.0.40219.1
Project("{FAE04EC0-301F-11D3-BF4B-00C04F79EFBC}") = "ConsoleApp3", "ConsoleApp3\ConsoleApp3.csproj", "{756A5853-5ADD-49DC-9B5A-60C32EF0472B}"
EndProject
Global
	GlobalSection(SolutionConfigurationPlatforms) = preSolution
		Debug|Any CPU = Debug|Any CPU
		Release|Any CPU = Release|Any CPU
	EndGlobalSection
	GlobalSection(ProjectConfigurationPlatforms) = postSolution
		{756A5853-5ADD-49DC-9B5A-60C32EF0472B}.Debug|Any CPU.ActiveCfg = Debug|Any CPU
		{756A5853-5ADD-49DC-9B5A-60C32EF0472B}.Debug|Any CPU.Build.0 = Debug|Any CPU
		{756A5853-5ADD-49DC-9B5A-60C32EF0472B}.Release|Any CPU.ActiveCfg = Release|Any CPU
		{756A5853-5ADD-49DC-9B5A-60C32EF0472B}.Release|Any CPU.Build.0 = Release|Any CPU
	EndGlobalSection
	GlobalSection(SolutionProperties) = preSolution
		HideSolutionNode = FALSE
	EndGlobalSection
	GlobalSection(ExtensibilityGlobals) = postSolution
		SolutionGuid = {5CA93DCA-708B-4688-BA93-88D10B643921}
	EndGlobalSection
EndGlobal
